
Microsoft Visual Studio Solution File, Format Version 12.00
# Visual Studio 15
VisualStudioVersion = 15.0.26228.9
MinimumVisualStudioVersion = 10.0.40219.1
Project("{FAE04EC0-301F-11D3-BF4B-00C04F79EFBC}") = "Mindwave.Console", "Mindwave.Console\Mindwave.Console.csproj", "{D1DA7E02-A934-414D-917A-15BE1D2369D7}"
EndProject
Project("{FAE04EC0-301F-11D3-BF4B-00C04F79EFBC}") = "Mindwave.UI", "Mindwave.UI\Mindwave.UI.csproj", "{D639423A-D5A5-4685-BD37-A379F9620416}"
EndProject
Project("{FAE04EC0-301F-11D3-BF4B-00C04F79EFBC}") = "Mindwave.Controller", "Mindwave.Controller\Mindwave.Controller.csproj", "{3C4944DE-AB76-4A06-9FBE-EB49F552B81A}"
EndProject
Global
	GlobalSection(SolutionConfigurationPlatforms) = preSolution
		Debug|Any CPU = Debug|Any CPU
		Release|Any CPU = Release|Any CPU
	EndGlobalSection
	GlobalSection(ProjectConfigurationPlatforms) = postSolution
		{D1DA7E02-A934-414D-917A-15BE1D2369D7}.Debug|Any CPU.ActiveCfg = Debug|Any CPU
		{D1DA7E02-A934-414D-917A-15BE1D2369D7}.Debug|Any CPU.Build.0 = Debug|Any CPU
		{D1DA7E02-A934-414D-917A-15BE1D2369D7}.Release|Any CPU.ActiveCfg = Release|Any CPU
		{D1DA7E02-A934-414D-917A-15BE1D2369D7}.Release|Any CPU.Build.0 = Release|Any CPU
		{D639423A-D5A5-4685-BD37-A379F9620416}.Debug|Any CPU.ActiveCfg = Debug|Any CPU
		{D639423A-D5A5-4685-BD37-A379F9620416}.Debug|Any CPU.Build.0 = Debug|Any CPU
		{D639423A-D5A5-4685-BD37-A379F9620416}.Release|Any CPU.ActiveCfg = Release|Any CPU
		{D639423A-D5A5-4685-BD37-A379F9620416}.Release|Any CPU.Build.0 = Release|Any CPU
		{3C4944DE-AB76-4A06-9FBE-EB49F552B81A}.Debug|Any CPU.ActiveCfg = Debug|Any CPU
		{3C4944DE-AB76-4A06-9FBE-EB49F552B81A}.Debug|Any CPU.Build.0 = Debug|Any CPU
		{3C4944DE-AB76-4A06-9FBE-EB49F552B81A}.Release|Any CPU.ActiveCfg = Release|Any CPU
		{3C4944DE-AB76-4A06-9FBE-EB49F552B81A}.Release|Any CPU.Build.0 = Release|Any CPU
	EndGlobalSection
	GlobalSection(SolutionProperties) = preSolution
		HideSolutionNode = FALSE
	EndGlobalSection
EndGlobal
